
Microsoft Visual Studio Solution File, Format Version 12.00
# Visual Studio Version 17
VisualStudioVersion = 17.7.34024.191
MinimumVisualStudioVersion = 10.0.40219.1
Project("{9A19103F-16F7-4668-BE54-9A1E7A4F7556}") = "SmartUp.Core", "SmartUp.Core\SmartUp.Core.csproj", "{AAD69652-6203-4759-8CBB-CA80161D164A}"
EndProject
Project("{9A19103F-16F7-4668-BE54-9A1E7A4F7556}") = "TestDockerConnection", "TestDockerConnection\TestDockerConnection.csproj", "{1B1CE155-A3C2-43DF-A938-F24007723440}"
EndProject
Project("{9A19103F-16F7-4668-BE54-9A1E7A4F7556}") = "SmartUp.Tests", "SmartUp.Tests\SmartUp.Tests.csproj", "{F605633A-0610-4C71-9FAD-F4C2E7B69C87}"
EndProject
Project("{9A19103F-16F7-4668-BE54-9A1E7A4F7556}") = "SmartUp.DataAccess.SQLServer", "SmartUp.DataAccess.SQLServer\SmartUp.DataAccess.SQLServer.csproj", "{6E714453-08E1-4AF7-BAAB-A72B44BF4DAD}"
EndProject
Project("{9A19103F-16F7-4668-BE54-9A1E7A4F7556}") = "SmartUp.WPF", "SmartUp.WPF\SmartUp.WPF.csproj", "{C85C37A3-DA57-4337-ACD4-43DA8D286791}"
EndProject
Global
	GlobalSection(SolutionConfigurationPlatforms) = preSolution
		Debug|Any CPU = Debug|Any CPU
		Release|Any CPU = Release|Any CPU
	EndGlobalSection
	GlobalSection(ProjectConfigurationPlatforms) = postSolution
		{AAD69652-6203-4759-8CBB-CA80161D164A}.Debug|Any CPU.ActiveCfg = Debug|Any CPU
		{AAD69652-6203-4759-8CBB-CA80161D164A}.Debug|Any CPU.Build.0 = Debug|Any CPU
		{AAD69652-6203-4759-8CBB-CA80161D164A}.Release|Any CPU.ActiveCfg = Release|Any CPU
		{AAD69652-6203-4759-8CBB-CA80161D164A}.Release|Any CPU.Build.0 = Release|Any CPU
		{1B1CE155-A3C2-43DF-A938-F24007723440}.Debug|Any CPU.ActiveCfg = Debug|Any CPU
		{1B1CE155-A3C2-43DF-A938-F24007723440}.Debug|Any CPU.Build.0 = Debug|Any CPU
		{1B1CE155-A3C2-43DF-A938-F24007723440}.Release|Any CPU.ActiveCfg = Release|Any CPU
		{1B1CE155-A3C2-43DF-A938-F24007723440}.Release|Any CPU.Build.0 = Release|Any CPU
		{F605633A-0610-4C71-9FAD-F4C2E7B69C87}.Debug|Any CPU.ActiveCfg = Debug|Any CPU
		{F605633A-0610-4C71-9FAD-F4C2E7B69C87}.Debug|Any CPU.Build.0 = Debug|Any CPU
		{F605633A-0610-4C71-9FAD-F4C2E7B69C87}.Release|Any CPU.ActiveCfg = Release|Any CPU
		{F605633A-0610-4C71-9FAD-F4C2E7B69C87}.Release|Any CPU.Build.0 = Release|Any CPU
		{6E714453-08E1-4AF7-BAAB-A72B44BF4DAD}.Debug|Any CPU.ActiveCfg = Debug|Any CPU
		{6E714453-08E1-4AF7-BAAB-A72B44BF4DAD}.Debug|Any CPU.Build.0 = Debug|Any CPU
		{6E714453-08E1-4AF7-BAAB-A72B44BF4DAD}.Release|Any CPU.ActiveCfg = Release|Any CPU
		{6E714453-08E1-4AF7-BAAB-A72B44BF4DAD}.Release|Any CPU.Build.0 = Release|Any CPU
		{C85C37A3-DA57-4337-ACD4-43DA8D286791}.Debug|Any CPU.ActiveCfg = Debug|Any CPU
		{C85C37A3-DA57-4337-ACD4-43DA8D286791}.Debug|Any CPU.Build.0 = Debug|Any CPU
		{C85C37A3-DA57-4337-ACD4-43DA8D286791}.Release|Any CPU.ActiveCfg = Release|Any CPU
		{C85C37A3-DA57-4337-ACD4-43DA8D286791}.Release|Any CPU.Build.0 = Release|Any CPU
	EndGlobalSection
	GlobalSection(SolutionProperties) = preSolution
		HideSolutionNode = FALSE
	EndGlobalSection
	GlobalSection(ExtensibilityGlobals) = postSolution
		SolutionGuid = {2BA39C73-7B0D-4A97-8988-22C7593BD420}
	EndGlobalSection
EndGlobal
