
Microsoft Visual Studio Solution File, Format Version 12.00
# Visual Studio Version 17
VisualStudioVersion = 17.7.34024.191
MinimumVisualStudioVersion = 10.0.40219.1
Project("{FAE04EC0-301F-11D3-BF4B-00C04F79EFBC}") = "SmartUpAdmin", "SmartUpAdmin\SmartUpAdmin.csproj", "{E232489E-13FA-41F7-9CCB-55ED54470748}"
EndProject
Global
	GlobalSection(SolutionConfigurationPlatforms) = preSolution
		Debug|Any CPU = Debug|Any CPU
		Release|Any CPU = Release|Any CPU
	EndGlobalSection
	GlobalSection(ProjectConfigurationPlatforms) = postSolution
		{E232489E-13FA-41F7-9CCB-55ED54470748}.Debug|Any CPU.ActiveCfg = Debug|Any CPU
		{E232489E-13FA-41F7-9CCB-55ED54470748}.Debug|Any CPU.Build.0 = Debug|Any CPU
		{E232489E-13FA-41F7-9CCB-55ED54470748}.Release|Any CPU.ActiveCfg = Release|Any CPU
		{E232489E-13FA-41F7-9CCB-55ED54470748}.Release|Any CPU.Build.0 = Release|Any CPU
	EndGlobalSection
	GlobalSection(SolutionProperties) = preSolution
		HideSolutionNode = FALSE
	EndGlobalSection
	GlobalSection(ExtensibilityGlobals) = postSolution
		SolutionGuid = {616D7A7B-5362-49D5-B9B7-4B4CE1452846}
	EndGlobalSection
EndGlobal
